<?xml version="1.0" encoding="utf-8"?>
<Project ToolsVersion="17.0" xmlns="http://schemas.microsoft.com/developer/msbuild/2003">
  <ItemGroup>
    <ClCompile Include="C:\Users\Злата Лызлова\source\repos\AISD_3_sem\Labs\mp2-lab2-matrix\test\test_main.cpp">
      <Filter>Source Files</Filter>
    </ClCompile>
    <ClCompile Include="C:\Users\Злата Лызлова\source\repos\AISD_3_sem\Labs\mp2-lab2-matrix\test\test_tmatrix.cpp">
      <Filter>Source Files</Filter>
    </ClCompile>
    <ClCompile Include="C:\Users\Злата Лызлова\source\repos\AISD_3_sem\Labs\mp2-lab2-matrix\test\test_tvector.cpp">
      <Filter>Source Files</Filter>
    </ClCompile>
  </ItemGroup>
  <ItemGroup>
    <CustomBuild Include="C:\Users\Злата Лызлова\source\repos\AISD_3_sem\Labs\mp2-lab2-matrix\test\CMakeLists.txt" />
  </ItemGroup>
  <ItemGroup>
    <Filter Include="Source Files">
      <UniqueIdentifier>{84521B60-11B0-3137-A869-B7AB7787B4FF}</UniqueIdentifier>
    </Filter>
  </ItemGroup>
</Project>
